
Microsoft Visual Studio Solution File, Format Version 12.00
# Visual Studio Version 17
VisualStudioVersion = 17.4.33110.190
MinimumVisualStudioVersion = 10.0.40219.1
Project("{FAE04EC0-301F-11D3-BF4B-00C04F79EFBC}") = "AMS.WebApp", "AMS.WebApp\AMS.WebApp.csproj", "{AC6D6921-651A-45D9-8D17-6092C28F5B0B}"
EndProject
Project("{FAE04EC0-301F-11D3-BF4B-00C04F79EFBC}") = "AMS.WebAPI", "AMS.WebAPI\AMS.WebAPI.csproj", "{2C695521-E9FB-43D5-BD52-5C8D3E8F9E04}"
EndProject
Global
	GlobalSection(SolutionConfigurationPlatforms) = preSolution
		Debug|Any CPU = Debug|Any CPU
		Release|Any CPU = Release|Any CPU
	EndGlobalSection
	GlobalSection(ProjectConfigurationPlatforms) = postSolution
		{AC6D6921-651A-45D9-8D17-6092C28F5B0B}.Debug|Any CPU.ActiveCfg = Debug|Any CPU
		{AC6D6921-651A-45D9-8D17-6092C28F5B0B}.Debug|Any CPU.Build.0 = Debug|Any CPU
		{AC6D6921-651A-45D9-8D17-6092C28F5B0B}.Release|Any CPU.ActiveCfg = Release|Any CPU
		{AC6D6921-651A-45D9-8D17-6092C28F5B0B}.Release|Any CPU.Build.0 = Release|Any CPU
		{2C695521-E9FB-43D5-BD52-5C8D3E8F9E04}.Debug|Any CPU.ActiveCfg = Debug|Any CPU
		{2C695521-E9FB-43D5-BD52-5C8D3E8F9E04}.Debug|Any CPU.Build.0 = Debug|Any CPU
		{2C695521-E9FB-43D5-BD52-5C8D3E8F9E04}.Release|Any CPU.ActiveCfg = Release|Any CPU
		{2C695521-E9FB-43D5-BD52-5C8D3E8F9E04}.Release|Any CPU.Build.0 = Release|Any CPU
	EndGlobalSection
	GlobalSection(SolutionProperties) = preSolution
		HideSolutionNode = FALSE
	EndGlobalSection
	GlobalSection(ExtensibilityGlobals) = postSolution
		SolutionGuid = {CE4B64E9-CE22-424C-9F73-F82A6F8BB4B0}
	EndGlobalSection
EndGlobal
